<?xml version="1.0" encoding="utf-8"?>
<Project ToolsVersion="4.0" xmlns="http://schemas.microsoft.com/developer/msbuild/2003">
  <ItemGroup>
    <ClCompile Include="GameEngineDebug.cpp">
      <Filter>Debug</Filter>
    </ClCompile>
    <ClCompile Include="GameEngineMath.cpp">
      <Filter>Math</Filter>
    </ClCompile>
    <ClCompile Include="GameEngineString.cpp">
      <Filter>String</Filter>
    </ClCompile>
    <ClCompile Include="GameEngineDirectory.cpp">
      <Filter>IO%28File%29</Filter>
    </ClCompile>
    <ClCompile Include="GameEngineFile.cpp">
      <Filter>IO%28File%29</Filter>
    </ClCompile>
    <ClCompile Include="GameEnginePath.cpp">
      <Filter>IO%28File%29</Filter>
    </ClCompile>
  </ItemGroup>
  <ItemGroup>
    <ClInclude Include="GameEngineDebug.h">
      <Filter>Debug</Filter>
    </ClInclude>
    <ClInclude Include="GameEngineMath.h">
      <Filter>Math</Filter>
    </ClInclude>
    <ClInclude Include="GameEngineString.h">
      <Filter>String</Filter>
    </ClInclude>
    <ClInclude Include="GameEngineDirectory.h">
      <Filter>IO%28File%29</Filter>
    </ClInclude>
    <ClInclude Include="GameEngineFile.h">
      <Filter>IO%28File%29</Filter>
    </ClInclude>
    <ClInclude Include="GameEnginePath.h">
      <Filter>IO%28File%29</Filter>
    </ClInclude>
  </ItemGroup>
  <ItemGroup>
    <Filter Include="Debug">
      <UniqueIdentifier>{175c6730-5573-43e7-84d5-856b5f412530}</UniqueIdentifier>
    </Filter>
    <Filter Include="Math">
      <UniqueIdentifier>{b93d5c8c-1c71-4cdf-ab12-972213380441}</UniqueIdentifier>
    </Filter>
    <Filter Include="String">
      <UniqueIdentifier>{84c63e1c-5506-45d1-b4f7-c063671a3c20}</UniqueIdentifier>
    </Filter>
    <Filter Include="IO%28File%29">
      <UniqueIdentifier>{9e533b0c-0b23-417c-90d9-e13dab687705}</UniqueIdentifier>
    </Filter>
  </ItemGroup>
</Project>